
Microsoft Visual Studio Solution File, Format Version 12.00
# Visual Studio 14
VisualStudioVersion = 14.0.25420.1
MinimumVisualStudioVersion = 10.0.40219.1
Project("{FAE04EC0-301F-11D3-BF4B-00C04F79EFBC}") = "EnclosedTester", "EnclosedTester\EnclosedTester.csproj", "{099902CD-EE5D-457C-8E6F-0EDCAB3865B6}"
EndProject
Global
	GlobalSection(SolutionConfigurationPlatforms) = preSolution
		Debug|Any CPU = Debug|Any CPU
		Debug|x64 = Debug|x64
		Debug|x86 = Debug|x86
		Release|Any CPU = Release|Any CPU
		Release|x64 = Release|x64
		Release|x86 = Release|x86
		RM|Any CPU = RM|Any CPU
		RM|x64 = RM|x64
		RM|x86 = RM|x86
		RM Debug|Any CPU = RM Debug|Any CPU
		RM Debug|x64 = RM Debug|x64
		RM Debug|x86 = RM Debug|x86
		RM83 Debug|Any CPU = RM83 Debug|Any CPU
		RM83 Debug|x64 = RM83 Debug|x64
		RM83 Debug|x86 = RM83 Debug|x86
		RM83|Any CPU = RM83|Any CPU
		RM83|x64 = RM83|x64
		RM83|x86 = RM83|x86
		CM Debug|Any CPU = CM Debug|Any CPU
		CM Debug|x64 = CM Debug|x64
		CM Debug|x86 = CM Debug|x86
		CM|Any CPU = CM|Any CPU
		CM|x64 = CM|x64
		CM|x86 = CM|x86
	EndGlobalSection
	GlobalSection(ProjectConfigurationPlatforms) = postSolution
		{099902CD-EE5D-457C-8E6F-0EDCAB3865B6}.Debug|Any CPU.ActiveCfg = Debug|Any CPU
		{099902CD-EE5D-457C-8E6F-0EDCAB3865B6}.Debug|Any CPU.Build.0 = Debug|Any CPU
		{099902CD-EE5D-457C-8E6F-0EDCAB3865B6}.Debug|x64.ActiveCfg = Debug|x64
		{099902CD-EE5D-457C-8E6F-0EDCAB3865B6}.Debug|x64.Build.0 = Debug|x64
		{099902CD-EE5D-457C-8E6F-0EDCAB3865B6}.Debug|x86.ActiveCfg = Debug|x86
		{099902CD-EE5D-457C-8E6F-0EDCAB3865B6}.Debug|x86.Build.0 = Debug|x86
		{099902CD-EE5D-457C-8E6F-0EDCAB3865B6}.Release|Any CPU.ActiveCfg = Release|Any CPU
		{099902CD-EE5D-457C-8E6F-0EDCAB3865B6}.Release|Any CPU.Build.0 = Release|Any CPU
		{099902CD-EE5D-457C-8E6F-0EDCAB3865B6}.Release|x64.ActiveCfg = Release|x64
		{099902CD-EE5D-457C-8E6F-0EDCAB3865B6}.Release|x64.Build.0 = Release|x64
		{099902CD-EE5D-457C-8E6F-0EDCAB3865B6}.Release|x86.ActiveCfg = Release|x86
		{099902CD-EE5D-457C-8E6F-0EDCAB3865B6}.Release|x86.Build.0 = Release|x86
		{099902CD-EE5D-457C-8E6F-0EDCAB3865B6}.RM Debug|Any CPU.ActiveCfg = RM Debug|Any CPU
		{099902CD-EE5D-457C-8E6F-0EDCAB3865B6}.RM Debug|Any CPU.Build.0 = RM Debug|Any CPU
		{099902CD-EE5D-457C-8E6F-0EDCAB3865B6}.RM Debug|x64.ActiveCfg = RM Debug|x64
		{099902CD-EE5D-457C-8E6F-0EDCAB3865B6}.RM Debug|x64.Build.0 = RM Debug|x64
		{099902CD-EE5D-457C-8E6F-0EDCAB3865B6}.RM Debug|x86.ActiveCfg = RM Debug|x86
		{099902CD-EE5D-457C-8E6F-0EDCAB3865B6}.RM Debug|x86.Build.0 = RM Debug|x86
		{099902CD-EE5D-457C-8E6F-0EDCAB3865B6}.RM|Any CPU.ActiveCfg = RM|Any CPU
		{099902CD-EE5D-457C-8E6F-0EDCAB3865B6}.RM|Any CPU.Build.0 = RM|Any CPU
		{099902CD-EE5D-457C-8E6F-0EDCAB3865B6}.RM|x64.ActiveCfg = RM|x64
		{099902CD-EE5D-457C-8E6F-0EDCAB3865B6}.RM|x64.Build.0 = RM|x64
		{099902CD-EE5D-457C-8E6F-0EDCAB3865B6}.RM|x86.ActiveCfg = RM|x86
		{099902CD-EE5D-457C-8E6F-0EDCAB3865B6}.RM|x86.Build.0 = RM|x86
		{099902CD-EE5D-457C-8E6F-0EDCAB3865B6}.RM83 Debug|Any CPU.ActiveCfg = RM83 Debug|Any CPU
		{099902CD-EE5D-457C-8E6F-0EDCAB3865B6}.RM83 Debug|Any CPU.Build.0 = RM83 Debug|Any CPU
		{099902CD-EE5D-457C-8E6F-0EDCAB3865B6}.RM83 Debug|x64.ActiveCfg = RM83 Debug|x64
		{099902CD-EE5D-457C-8E6F-0EDCAB3865B6}.RM83 Debug|x64.Build.0 = RM83 Debug|x64
		{099902CD-EE5D-457C-8E6F-0EDCAB3865B6}.RM83 Debug|x86.ActiveCfg = RM83 Debug|x86
		{099902CD-EE5D-457C-8E6F-0EDCAB3865B6}.RM83 Debug|x86.Build.0 = RM83 Debug|x86
		{099902CD-EE5D-457C-8E6F-0EDCAB3865B6}.RM83|Any CPU.ActiveCfg = RM83|Any CPU
		{099902CD-EE5D-457C-8E6F-0EDCAB3865B6}.RM83|Any CPU.Build.0 = RM83|Any CPU
		{099902CD-EE5D-457C-8E6F-0EDCAB3865B6}.RM83|x64.ActiveCfg = RM83|x64
		{099902CD-EE5D-457C-8E6F-0EDCAB3865B6}.RM83|x64.Build.0 = RM83|x64
		{099902CD-EE5D-457C-8E6F-0EDCAB3865B6}.RM83|x86.ActiveCfg = RM83|x86
		{099902CD-EE5D-457C-8E6F-0EDCAB3865B6}.RM83|x86.Build.0 = RM83|x86
		{099902CD-EE5D-457C-8E6F-0EDCAB3865B6}.CM Debug|Any CPU.ActiveCfg = CM Debug|Any CPU
		{099902CD-EE5D-457C-8E6F-0EDCAB3865B6}.CM Debug|Any CPU.Build.0 = CM Debug|Any CPU
		{099902CD-EE5D-457C-8E6F-0EDCAB3865B6}.CM Debug|x64.ActiveCfg = CM Debug|x64
		{099902CD-EE5D-457C-8E6F-0EDCAB3865B6}.CM Debug|x64.Build.0 = CM Debug|x64
		{099902CD-EE5D-457C-8E6F-0EDCAB3865B6}.CM Debug|x86.ActiveCfg = CM Debug|x86
		{099902CD-EE5D-457C-8E6F-0EDCAB3865B6}.CM Debug|x86.Build.0 = CM Debug|x86
		{099902CD-EE5D-457C-8E6F-0EDCAB3865B6}.CM|Any CPU.ActiveCfg = CM|Any CPU
		{099902CD-EE5D-457C-8E6F-0EDCAB3865B6}.CM|Any CPU.Build.0 = CM|Any CPU
		{099902CD-EE5D-457C-8E6F-0EDCAB3865B6}.CM|x64.ActiveCfg = CM|x64
		{099902CD-EE5D-457C-8E6F-0EDCAB3865B6}.CM|x64.Build.0 = CM|x64
		{099902CD-EE5D-457C-8E6F-0EDCAB3865B6}.CM|x86.ActiveCfg = CM|x86
		{099902CD-EE5D-457C-8E6F-0EDCAB3865B6}.CM|x86.Build.0 = CM|x86
	EndGlobalSection
	GlobalSection(SolutionProperties) = preSolution
		HideSolutionNode = FALSE
	EndGlobalSection
EndGlobal
